<?xml version="1.0" encoding="utf-8"?>
<Project ToolsVersion="4.0" xmlns="http://schemas.microsoft.com/developer/msbuild/2003">
  <ItemGroup>
    <Filter Include="Source Files">
      <UniqueIdentifier>{4FC737F1-C7A5-4376-A066-2A32D752A2FF}</UniqueIdentifier>
      <Extensions>cpp;c;cc;cxx;def;odl;idl;hpj;bat;asm;asmx</Extensions>
    </Filter>
    <Filter Include="Header Files">
      <UniqueIdentifier>{93995380-89BD-4b04-88EB-625FBE52EBFB}</UniqueIdentifier>
      <Extensions>h;hh;hpp;hxx;hm;inl;inc;xsd</Extensions>
    </Filter>
    <Filter Include="Resource Files">
      <UniqueIdentifier>{67DA6AB6-F800-4c08-8B7A-83BB121AAD01}</UniqueIdentifier>
      <Extensions>rc;ico;cur;bmp;dlg;rc2;rct;bin;rgs;gif;jpg;jpeg;jpe;resx;tiff;tif;png;wav;mfcribbon-ms</Extensions>
    </Filter>
    <Filter Include="Resource Files\Images">
      <UniqueIdentifier>{a8afcb1a-6f96-46f9-bcba-04529b28faa5}</UniqueIdentifier>
    </Filter>
    <Filter Include="Resource Files\Images\Sprites">
      <UniqueIdentifier>{3118b0b8-4e70-40c8-9f7a-d7c430f9a518}</UniqueIdentifier>
    </Filter>
  </ItemGroup>
  <ItemGroup>
    <Text Include="ReadMe.txt" />
    <Text Include="Idea.txt" />
    <Text Include="Resources\Levels\levelOne.level" />
  </ItemGroup>
  <ItemGroup>
    <ClInclude Include="src\GameController.h">
      <Filter>Header Files</Filter>
    </ClInclude>
    <ClInclude Include="src\stdafx.h">
      <Filter>Header Files</Filter>
    </ClInclude>
    <ClInclude Include="src\targetver.h">
      <Filter>Header Files</Filter>
    </ClInclude>
    <ClInclude Include="src\InputController.h">
      <Filter>Header Files</Filter>
    </ClInclude>
    <ClInclude Include="src\SoundController.h">
      <Filter>Header Files</Filter>
    </ClInclude>
    <ClInclude Include="src\gameObjects\GameObject.h">
      <Filter>Header Files</Filter>
    </ClInclude>
    <ClInclude Include="src\gameObjects\Circle.h">
      <Filter>Header Files</Filter>
    </ClInclude>
    <ClInclude Include="src\gameObjects\Logo.h">
      <Filter>Header Files</Filter>
    </ClInclude>
    <ClInclude Include="src\LevelController.h">
      <Filter>Header Files</Filter>
    </ClInclude>
    <ClInclude Include="src\Factory.h">
      <Filter>Header Files</Filter>
    </ClInclude>
    <ClInclude Include="src\Exception.h">
      <Filter>Header Files</Filter>
    </ClInclude>
    <ClInclude Include="src\gameObjects\GameObjectManager.h">
      <Filter>Header Files</Filter>
    </ClInclude>
    <ClInclude Include="src\gameObjects\Player.h">
      <Filter>Header Files</Filter>
    </ClInclude>
    <ClInclude Include="src\gameObjects\Animation.h">
      <Filter>Header Files</Filter>
    </ClInclude>
    <ClInclude Include="src\TextureManager.h">
      <Filter>Header Files</Filter>
    </ClInclude>
    <ClInclude Include="src\gameObjects\Table.h">
      <Filter>Header Files</Filter>
    </ClInclude>
    <ClInclude Include="src\gameObjects\Bench.h">
      <Filter>Header Files</Filter>
    </ClInclude>
    <ClInclude Include="src\gameObjects\Enemy.h">
      <Filter>Header Files</Filter>
    </ClInclude>
    <ClInclude Include="src\gameObjects\Bullet.h">
      <Filter>Header Files</Filter>
    </ClInclude>
    <ClInclude Include="src\gameObjects\Gun.h">
      <Filter>Header Files</Filter>
    </ClInclude>
    <ClInclude Include="src\gameObjects\Weapon.h">
      <Filter>Header Files</Filter>
    </ClInclude>
    <ClInclude Include="src\gameObjects\Powerup.h">
      <Filter>Header Files</Filter>
    </ClInclude>
    <ClInclude Include="src\HudController.h">
      <Filter>Header Files</Filter>
    </ClInclude>
    <ClInclude Include="src\gameObjects\menu\play.h">
      <Filter>Header Files</Filter>
    </ClInclude>
    <ClInclude Include="src\gameObjects\Clickable.h">
      <Filter>Header Files</Filter>
    </ClInclude>
    <ClInclude Include="src\gameObjects\Knife.h">
      <Filter>Header Files</Filter>
    </ClInclude>
    <ClInclude Include="src\gameObjects\WeaponManager.h">
      <Filter>Header Files</Filter>
    </ClInclude>
    <ClInclude Include="src\gameObjects\Collision.h">
      <Filter>Header Files</Filter>
    </ClInclude>
    <ClInclude Include="src\gameObjects\menu\MainMenu.h">
      <Filter>Header Files</Filter>
    </ClInclude>
    <ClInclude Include="src\gameObjects\menu\Options.h">
      <Filter>Header Files</Filter>
    </ClInclude>
    <ClInclude Include="src\gameObjects\menu\Checkbox.h">
      <Filter>Header Files</Filter>
    </ClInclude>
    <ClInclude Include="src\gameObjects\menu\ToggleMusic.h">
      <Filter>Header Files</Filter>
    </ClInclude>
  </ItemGroup>
  <ItemGroup>
    <ClCompile Include="src\GameController.cpp">
      <Filter>Source Files</Filter>
    </ClCompile>
    <ClCompile Include="src\stdafx.cpp">
      <Filter>Source Files</Filter>
    </ClCompile>
    <ClCompile Include="src\main.cpp">
      <Filter>Source Files</Filter>
    </ClCompile>
    <ClCompile Include="src\InputController.cpp">
      <Filter>Source Files</Filter>
    </ClCompile>
    <ClCompile Include="src\SoundController.cpp">
      <Filter>Source Files</Filter>
    </ClCompile>
    <ClCompile Include="src\gameObjects\GameObject.cpp">
      <Filter>Source Files</Filter>
    </ClCompile>
    <ClCompile Include="src\gameObjects\Circle.cpp">
      <Filter>Source Files</Filter>
    </ClCompile>
    <ClCompile Include="src\gameObjects\Logo.cpp">
      <Filter>Source Files</Filter>
    </ClCompile>
    <ClCompile Include="src\LevelController.cpp">
      <Filter>Source Files</Filter>
    </ClCompile>
    <ClCompile Include="src\Factory.cpp">
      <Filter>Source Files</Filter>
    </ClCompile>
    <ClCompile Include="src\Exception.cpp">
      <Filter>Source Files</Filter>
    </ClCompile>
    <ClCompile Include="src\gameObjects\GameObjectManager.cpp">
      <Filter>Source Files</Filter>
    </ClCompile>
    <ClCompile Include="src\gameObjects\Player.cpp">
      <Filter>Source Files</Filter>
    </ClCompile>
    <ClCompile Include="src\gameObjects\Animation.cpp">
      <Filter>Source Files</Filter>
    </ClCompile>
    <ClCompile Include="src\TextureManager.cpp">
      <Filter>Source Files</Filter>
    </ClCompile>
    <ClCompile Include="src\gameObjects\Bench.cpp">
      <Filter>Source Files</Filter>
    </ClCompile>
    <ClCompile Include="src\gameObjects\Table.cpp">
      <Filter>Source Files</Filter>
    </ClCompile>
    <ClCompile Include="src\gameObjects\Enemy.cpp">
      <Filter>Source Files</Filter>
    </ClCompile>
    <ClCompile Include="src\gameObjects\Bullet.cpp">
      <Filter>Source Files</Filter>
    </ClCompile>
    <ClCompile Include="src\gameObjects\Gun.cpp">
      <Filter>Source Files</Filter>
    </ClCompile>
    <ClCompile Include="src\gameObjects\Weapon.cpp">
      <Filter>Source Files</Filter>
    </ClCompile>
    <ClCompile Include="src\gameObjects\Powerup.cpp">
      <Filter>Source Files</Filter>
    </ClCompile>
    <ClCompile Include="src\HudController.cpp">
      <Filter>Source Files</Filter>
    </ClCompile>
    <ClCompile Include="src\gameObjects\menu\play.cpp">
      <Filter>Source Files</Filter>
    </ClCompile>
    <ClCompile Include="src\gameObjects\Clickable.cpp">
      <Filter>Source Files</Filter>
    </ClCompile>
    <ClCompile Include="src\gameObjects\Knife.cpp">
      <Filter>Source Files</Filter>
    </ClCompile>
    <ClCompile Include="src\gameObjects\WeaponManager.cpp">
      <Filter>Source Files</Filter>
    </ClCompile>
    <ClCompile Include="src\gameObjects\Collision.cpp">
      <Filter>Source Files</Filter>
    </ClCompile>
    <ClCompile Include="src\gameObjects\menu\MainMenu.cpp">
      <Filter>Source Files</Filter>
    </ClCompile>
    <ClCompile Include="src\gameObjects\menu\Options.cpp">
      <Filter>Source Files</Filter>
    </ClCompile>
    <ClCompile Include="src\gameObjects\menu\Checkbox.cpp">
      <Filter>Source Files</Filter>
    </ClCompile>
    <ClCompile Include="src\gameObjects\menu\ToggleMusic.cpp">
      <Filter>Source Files</Filter>
    </ClCompile>
  </ItemGroup>
  <ItemGroup>
    <None Include="Resources\Sounds\intro.ogg" />
    <None Include="Resources\Images\GameLogo.pdn" />
    <None Include="Resources\Images\Sprites\PlayButton.pdn" />
    <None Include="Resources\Levels\mainMenu.level" />
    <None Include="Resources\Levels\optionsMenu.level" />
  </ItemGroup>
  <ItemGroup>
    <Image Include="Resources\Images\Background.jpg">
      <Filter>Resource Files</Filter>
    </Image>
    <Image Include="Resources\Images\BackgroundOverlay.jpg">
      <Filter>Resource Files</Filter>
    </Image>
    <Image Include="Resources\Images\Logo.png">
      <Filter>Resource Files</Filter>
    </Image>
    <Image Include="Resources\Images\Sprites\Crosshair.png">
      <Filter>Resource Files</Filter>
    </Image>
    <Image Include="Resources\Images\GameLogo.png">
      <Filter>Resource Files</Filter>
    </Image>
    <Image Include="Resources\Images\Sprites\Player-1.png">
      <Filter>Resource Files</Filter>
    </Image>
    <Image Include="Resources\Images\Sprites\Bench.png">
      <Filter>Resource Files</Filter>
    </Image>
    <Image Include="Resources\Images\Sprites\Player-2.png">
      <Filter>Resource Files</Filter>
    </Image>
    <Image Include="Resources\Images\Sprites\Players\Player-1.png">
      <Filter>Resource Files</Filter>
    </Image>
    <Image Include="Resources\Images\Sprites\Players\Player-2.png">
      <Filter>Resource Files</Filter>
    </Image>
    <Image Include="Resources\Images\Sprites\Players\Player-3.png">
      <Filter>Resource Files</Filter>
    </Image>
    <Image Include="Resources\Images\Sprites\Players\Player-4.png">
      <Filter>Resource Files</Filter>
    </Image>
    <Image Include="Resources\Images\Sprites\Table.png">
      <Filter>Resource Files</Filter>
    </Image>
    <Image Include="Resources\Images\Sprites\Weapons\pistol.png">
      <Filter>Resource Files</Filter>
    </Image>
    <Image Include="Resources\Images\Sprites\Weapons\shotgun.png">
      <Filter>Resource Files</Filter>
    </Image>
    <Image Include="Resources\Images\Sprites\Weapons\uzi.png">
      <Filter>Resource Files</Filter>
    </Image>
    <Image Include="Resources\Images\Sprites\Weapons\pistol_bullet.png">
      <Filter>Resource Files</Filter>
    </Image>
    <Image Include="Resources\Images\Sprites\Weapons\uzi_bullet.png">
      <Filter>Resource Files</Filter>
    </Image>
    <Image Include="Resources\Images\Sprites\Weapons\shotgun_bullet.png">
      <Filter>Resource Files</Filter>
    </Image>
    <Image Include="Resources\Images\Sprites\Powerup.png">
      <Filter>Resource Files</Filter>
    </Image>
    <Image Include="Resources\Images\Sprites\Trashcan.png">
      <Filter>Resource Files</Filter>
    </Image>
    <Image Include="Resources\Images\Sprites\Enemies\Cheerleader\melee.png">
      <Filter>Resource Files</Filter>
    </Image>
    <Image Include="Resources\Images\Sprites\Enemies\Cheerleader\1.png">
      <Filter>Resource Files</Filter>
    </Image>
    <Image Include="Resources\Images\Sprites\Enemies\Cheerleader\2.png">
      <Filter>Resource Files</Filter>
    </Image>
    <Image Include="Resources\Images\Sprites\Enemies\Cheerleader\3.png">
      <Filter>Resource Files</Filter>
    </Image>
    <Image Include="Resources\Images\Sprites\Enemies\Cheerleader\4.png">
      <Filter>Resource Files</Filter>
    </Image>
    <Image Include="Resources\Images\Sprites\Enemies\Average\melee.png">
      <Filter>Resource Files</Filter>
    </Image>
    <Image Include="Resources\Images\Sprites\Enemies\Average\1.png">
      <Filter>Resource Files</Filter>
    </Image>
    <Image Include="Resources\Images\Sprites\Enemies\Average\2.png">
      <Filter>Resource Files</Filter>
    </Image>
    <Image Include="Resources\Images\Sprites\Enemies\Average\3.png">
      <Filter>Resource Files</Filter>
    </Image>
    <Image Include="Resources\Images\Sprites\Enemies\Average\4.png">
      <Filter>Resource Files</Filter>
    </Image>
    <Image Include="Resources\Images\Sprites\Enemies\Fat\melee.png">
      <Filter>Resource Files</Filter>
    </Image>
    <Image Include="Resources\Images\Sprites\Enemies\Fat\2.png">
      <Filter>Resource Files</Filter>
    </Image>
    <Image Include="Resources\Images\Sprites\Enemies\Fat\3.png">
      <Filter>Resource Files</Filter>
    </Image>
    <Image Include="Resources\Images\Sprites\Enemies\Fat\4.png">
      <Filter>Resource Files</Filter>
    </Image>
    <Image Include="Resources\Images\Sprites\Enemies\Fat\1.png">
      <Filter>Resource Files</Filter>
    </Image>
    <Image Include="Resources\Images\Menu objecten\BacktoMenuButton.png">
      <Filter>Resource Files</Filter>
    </Image>
    <Image Include="Resources\Images\Menu objecten\button.png">
      <Filter>Resource Files</Filter>
    </Image>
    <Image Include="Resources\Images\Menu objecten\CheckedOption.png">
      <Filter>Resource Files</Filter>
    </Image>
    <Image Include="Resources\Images\Menu objecten\Menu titel.png">
      <Filter>Resource Files</Filter>
    </Image>
    <Image Include="Resources\Images\Menu objecten\MenuBackgroundTab.png">
      <Filter>Resource Files</Filter>
    </Image>
    <Image Include="Resources\Images\Menu objecten\ScrollButton(for_sound-music).png">
      <Filter>Resource Files</Filter>
    </Image>
    <Image Include="Resources\Images\Menu objecten\UncheckedOption.png">
      <Filter>Resource Files</Filter>
    </Image>
    <Image Include="Resources\Images\menuObjecten\BacktoMenuButton.png">
      <Filter>Resource Files</Filter>
    </Image>
    <Image Include="Resources\Images\menuObjecten\button.png">
      <Filter>Resource Files</Filter>
    </Image>
    <Image Include="Resources\Images\menuObjecten\CheckedOption.png">
      <Filter>Resource Files</Filter>
    </Image>
    <Image Include="Resources\Images\menuObjecten\Menu titel.png">
      <Filter>Resource Files</Filter>
    </Image>
    <Image Include="Resources\Images\menuObjecten\MenuBackgroundTab.png">
      <Filter>Resource Files</Filter>
    </Image>
    <Image Include="Resources\Images\menuObjecten\ScrollButton(for_sound-music).png">
      <Filter>Resource Files</Filter>
    </Image>
    <Image Include="Resources\Images\menuObjecten\UncheckedOption.png">
      <Filter>Resource Files</Filter>
    </Image>
    <Image Include="Resources\Images\Sprites\Weapons\dagger.png">
      <Filter>Resource Files</Filter>
    </Image>
    <Image Include="Resources\Images\Sprites\Weapons\dagger_hit.png">
      <Filter>Resource Files</Filter>
    </Image>
    <Image Include="Resources\Images\Sprites\Weapons\rifle.png">
      <Filter>Resource Files</Filter>
    </Image>
    <Image Include="Resources\Images\Sprites\Weapons\rifle_bullet.png">
      <Filter>Resource Files</Filter>
    </Image>
    <Image Include="Resources\Images\Sprites\Weapons\sniper.png">
      <Filter>Resource Files</Filter>
    </Image>
    <Image Include="Resources\Images\Sprites\Weapons\sniper_bullet.png">
      <Filter>Resource Files</Filter>
    </Image>
    <Image Include="Resources\Images\Sprites\Weapons\sword.png">
      <Filter>Resource Files</Filter>
    </Image>
    <Image Include="Resources\Images\Sprites\Weapons\sword_hit.png">
      <Filter>Resource Files</Filter>
    </Image>
    <Image Include="Resources\Images\menuObjecten\PlayButton.png">
      <Filter>Resource Files</Filter>
    </Image>
    <Image Include="Resources\Images\menuObjecten\OptionsButton.png">
      <Filter>Resource Files</Filter>
    </Image>
    <Image Include="Resources\Images\menuObjecten\BackButton.png">
      <Filter>Resource Files</Filter>
    </Image>
  </ItemGroup>
  <ItemGroup>
    <Font Include="Resources\Fonts\Coalition_v2.ttf" />
  </ItemGroup>
</Project>